{
  "name": "electron-react-boilerplate",
  "version": "0.18.0",
  "lockfileVersion": 2,
  "requires": true,
  "packages": {
    "": {
      "name": "electron-react-boilerplate",
      "version": "0.18.0",
      "hasInstallScript": true,
      "license": "MIT",
      "dependencies": {
        "downloadjs": "^1.4.7",
        "react-image-file-resizer": "^0.4.8"
      }
    },
    "node_modules/downloadjs": {
      "version": "1.4.7",
      "resolved": "https://registry.npmjs.org/downloadjs/-/downloadjs-1.4.7.tgz",
      "integrity": "sha512-LN1gO7+u9xjU5oEScGFKvXhYf7Y/empUIIEAGBs1LzUq/rg5duiDrkuH5A2lQGd5jfMOb9X9usDa2oVXwJ0U/Q=="
    },
    "node_modules/react-image-file-resizer": {
      "version": "0.4.8",
      "resolved": "https://registry.npmjs.org/react-image-file-resizer/-/react-image-file-resizer-0.4.8.tgz",
      "integrity": "sha512-Ue7CfKnSlsfJ//SKzxNMz8avDgDSpWQDOnTKOp/GNRFJv4dO9L5YGHNEnj40peWkXXAK2OK0eRIoXhOYpUzUTQ=="
    }
  },
  "dependencies": {
    "downloadjs": {
      "version": "1.4.7",
      "resolved": "https://registry.npmjs.org/downloadjs/-/downloadjs-1.4.7.tgz",
      "integrity": "sha512-LN1gO7+u9xjU5oEScGFKvXhYf7Y/empUIIEAGBs1LzUq/rg5duiDrkuH5A2lQGd5jfMOb9X9usDa2oVXwJ0U/Q=="
    },
    "react-image-file-resizer": {
      "version": "0.4.8",
      "resolved": "https://registry.npmjs.org/react-image-file-resizer/-/react-image-file-resizer-0.4.8.tgz",
      "integrity": "sha512-Ue7CfKnSlsfJ//SKzxNMz8avDgDSpWQDOnTKOp/GNRFJv4dO9L5YGHNEnj40peWkXXAK2OK0eRIoXhOYpUzUTQ=="
    }
  }
}
