# THIS IS AN AUTOGENERATED FILE. DO NOT EDIT THIS FILE DIRECTLY.
# yarn lockfile v1


"downloadjs@^1.4.7":
  "integrity" "sha512-LN1gO7+u9xjU5oEScGFKvXhYf7Y/empUIIEAGBs1LzUq/rg5duiDrkuH5A2lQGd5jfMOb9X9usDa2oVXwJ0U/Q=="
  "resolved" "https://registry.npmjs.org/downloadjs/-/downloadjs-1.4.7.tgz"
  "version" "1.4.7"

"react-image-file-resizer@^0.4.8":
  "integrity" "sha512-Ue7CfKnSlsfJ//SKzxNMz8avDgDSpWQDOnTKOp/GNRFJv4dO9L5YGHNEnj40peWkXXAK2OK0eRIoXhOYpUzUTQ=="
  "resolved" "https://registry.npmjs.org/react-image-file-resizer/-/react-image-file-resizer-0.4.8.tgz"
  "version" "0.4.8"
